// !$*UTF8*$!
{
	archiveVersion = 1;
	classes = {
	};
	objectVersion = 56;
	objects = {

/* Begin PBXBuildFile section */
		058F36C22981A242006F9880 /* AppDelegate.swift in Sources */ = {isa = PBXBuildFile; fileRef = 058F36C12981A242006F9880 /* AppDelegate.swift */; };
		058F36C42981A242006F9880 /* SceneDelegate.swift in Sources */ = {isa = PBXBuildFile; fileRef = 058F36C32981A242006F9880 /* SceneDelegate.swift */; };
		058F36C62981A242006F9880 /* ViewController.swift in Sources */ = {isa = PBXBuildFile; fileRef = 058F36C52981A242006F9880 /* ViewController.swift */; };
		058F36C92981A242006F9880 /* Main.storyboard in Resources */ = {isa = PBXBuildFile; fileRef = 058F36C72981A242006F9880 /* Main.storyboard */; };
		058F36CB2981A243006F9880 /* Assets.xcassets in Resources */ = {isa = PBXBuildFile; fileRef = 058F36CA2981A243006F9880 /* Assets.xcassets */; };
		058F36CE2981A243006F9880 /* LaunchScreen.storyboard in Resources */ = {isa = PBXBuildFile; fileRef = 058F36CC2981A243006F9880 /* LaunchScreen.storyboard */; };
		058F36D62981A5FC006F9880 /* MercedessProtocol.swift in Sources */ = {isa = PBXBuildFile; fileRef = 058F36D52981A5FB006F9880 /* MercedessProtocol.swift */; };
		058F36D82981A70A006F9880 /* MercedessCLA.swift in Sources */ = {isa = PBXBuildFile; fileRef = 058F36D72981A70A006F9880 /* MercedessCLA.swift */; };
		058F36DC2981A7D3006F9880 /* MercedessDecorator.swift in Sources */ = {isa = PBXBuildFile; fileRef = 058F36DB2981A7D3006F9880 /* MercedessDecorator.swift */; };
		058F36DE2981A935006F9880 /* PanframeRoof.swift in Sources */ = {isa = PBXBuildFile; fileRef = 058F36DD2981A935006F9880 /* PanframeRoof.swift */; };
		058F36E02981AA3B006F9880 /* AlloyWheels.swift in Sources */ = {isa = PBXBuildFile; fileRef = 058F36DF2981AA3B006F9880 /* AlloyWheels.swift */; };
/* End PBXBuildFile section */

/* Begin PBXFileReference section */
		058F36BE2981A242006F9880 /* DecoratorApp.app */ = {isa = PBXFileReference; explicitFileType = wrapper.application; includeInIndex = 0; path = DecoratorApp.app; sourceTree = BUILT_PRODUCTS_DIR; };
		058F36C12981A242006F9880 /* AppDelegate.swift */ = {isa = PBXFileReference; lastKnownFileType = sourcecode.swift; path = AppDelegate.swift; sourceTree = "<group>"; };
		058F36C32981A242006F9880 /* SceneDelegate.swift */ = {isa = PBXFileReference; lastKnownFileType = sourcecode.swift; path = SceneDelegate.swift; sourceTree = "<group>"; };
		058F36C52981A242006F9880 /* ViewController.swift */ = {isa = PBXFileReference; lastKnownFileType = sourcecode.swift; path = ViewController.swift; sourceTree = "<group>"; };
		058F36C82981A242006F9880 /* Base */ = {isa = PBXFileReference; lastKnownFileType = file.storyboard; name = Base; path = Base.lproj/Main.storyboard; sourceTree = "<group>"; };
		058F36CA2981A243006F9880 /* Assets.xcassets */ = {isa = PBXFileReference; lastKnownFileType = folder.assetcatalog; path = Assets.xcassets; sourceTree = "<group>"; };
		058F36CD2981A243006F9880 /* Base */ = {isa = PBXFileReference; lastKnownFileType = file.storyboard; name = Base; path = Base.lproj/LaunchScreen.storyboard; sourceTree = "<group>"; };
		058F36CF2981A243006F9880 /* Info.plist */ = {isa = PBXFileReference; lastKnownFileType = text.plist.xml; path = Info.plist; sourceTree = "<group>"; };
		058F36D52981A5FB006F9880 /* MercedessProtocol.swift */ = {isa = PBXFileReference; lastKnownFileType = sourcecode.swift; path = MercedessProtocol.swift; sourceTree = "<group>"; };
		058F36D72981A70A006F9880 /* MercedessCLA.swift */ = {isa = PBXFileReference; lastKnownFileType = sourcecode.swift; path = MercedessCLA.swift; sourceTree = "<group>"; };
		058F36DB2981A7D3006F9880 /* MercedessDecorator.swift */ = {isa = PBXFileReference; lastKnownFileType = sourcecode.swift; path = MercedessDecorator.swift; sourceTree = "<group>"; };
		058F36DD2981A935006F9880 /* PanframeRoof.swift */ = {isa = PBXFileReference; lastKnownFileType = sourcecode.swift; path = PanframeRoof.swift; sourceTree = "<group>"; };
		058F36DF2981AA3B006F9880 /* AlloyWheels.swift */ = {isa = PBXFileReference; lastKnownFileType = sourcecode.swift; path = AlloyWheels.swift; sourceTree = "<group>"; };
/* End PBXFileReference section */

/* Begin PBXFrameworksBuildPhase section */
		058F36BB2981A242006F9880 /* Frameworks */ = {
			isa = PBXFrameworksBuildPhase;
			buildActionMask = 2147483647;
			files = (
			);
			runOnlyForDeploymentPostprocessing = 0;
		};
/* End PBXFrameworksBuildPhase section */

/* Begin PBXGroup section */
		058F36B52981A242006F9880 = {
			isa = PBXGroup;
			children = (
				058F36C02981A242006F9880 /* DecoratorApp */,
				058F36BF2981A242006F9880 /* Products */,
			);
			sourceTree = "<group>";
		};
		058F36BF2981A242006F9880 /* Products */ = {
			isa = PBXGroup;
			children = (
				058F36BE2981A242006F9880 /* DecoratorApp.app */,
			);
			name = Products;
			sourceTree = "<group>";
		};
		058F36C02981A242006F9880 /* DecoratorApp */ = {
			isa = PBXGroup;
			children = (
				058F36C12981A242006F9880 /* AppDelegate.swift */,
				058F36C32981A242006F9880 /* SceneDelegate.swift */,
				058F36C52981A242006F9880 /* ViewController.swift */,
				058F36C72981A242006F9880 /* Main.storyboard */,
				058F36CA2981A243006F9880 /* Assets.xcassets */,
				058F36CC2981A243006F9880 /* LaunchScreen.storyboard */,
				058F36CF2981A243006F9880 /* Info.plist */,
				058F36DA2981A7B1006F9880 /* Decorator */,
				058F36D92981A79F006F9880 /* Car */,
			);
			path = DecoratorApp;
			sourceTree = "<group>";
		};
		058F36D92981A79F006F9880 /* Car */ = {
			isa = PBXGroup;
			children = (
				058F36D52981A5FB006F9880 /* MercedessProtocol.swift */,
				058F36D72981A70A006F9880 /* MercedessCLA.swift */,
			);
			path = Car;
			sourceTree = "<group>";
		};
		058F36DA2981A7B1006F9880 /* Decorator */ = {
			isa = PBXGroup;
			children = (
				058F36DB2981A7D3006F9880 /* MercedessDecorator.swift */,
				058F36DD2981A935006F9880 /* PanframeRoof.swift */,
				058F36DF2981AA3B006F9880 /* AlloyWheels.swift */,
			);
			path = Decorator;
			sourceTree = "<group>";
		};
/* End PBXGroup section */

/* Begin PBXNativeTarget section */
		058F36BD2981A242006F9880 /* DecoratorApp */ = {
			isa = PBXNativeTarget;
			buildConfigurationList = 058F36D22981A243006F9880 /* Build configuration list for PBXNativeTarget "DecoratorApp" */;
			buildPhases = (
				058F36BA2981A242006F9880 /* Sources */,
				058F36BB2981A242006F9880 /* Frameworks */,
				058F36BC2981A242006F9880 /* Resources */,
			);
			buildRules = (
			);
			dependencies = (
			);
			name = DecoratorApp;
			productName = DecoratorApp;
			productReference = 058F36BE2981A242006F9880 /* DecoratorApp.app */;
			productType = "com.apple.product-type.application";
		};
/* End PBXNativeTarget section */

/* Begin PBXProject section */
		058F36B62981A242006F9880 /* Project object */ = {
			isa = PBXProject;
			attributes = {
				BuildIndependentTargetsInParallel = 1;
				LastSwiftUpdateCheck = 1420;
				LastUpgradeCheck = 1420;
				TargetAttributes = {
					058F36BD2981A242006F9880 = {
						CreatedOnToolsVersion = 14.2;
					};
				};
			};
			buildConfigurationList = 058F36B92981A242006F9880 /* Build configuration list for PBXProject "DecoratorApp" */;
			compatibilityVersion = "Xcode 14.0";
			developmentRegion = en;
			hasScannedForEncodings = 0;
			knownRegions = (
				en,
				Base,
			);
			mainGroup = 058F36B52981A242006F9880;
			productRefGroup = 058F36BF2981A242006F9880 /* Products */;
			projectDirPath = "";
			projectRoot = "";
			targets = (
				058F36BD2981A242006F9880 /* DecoratorApp */,
			);
		};
/* End PBXProject section */

/* Begin PBXResourcesBuildPhase section */
		058F36BC2981A242006F9880 /* Resources */ = {
			isa = PBXResourcesBuildPhase;
			buildActionMask = 2147483647;
			files = (
				058F36CE2981A243006F9880 /* LaunchScreen.storyboard in Resources */,
				058F36CB2981A243006F9880 /* Assets.xcassets in Resources */,
				058F36C92981A242006F9880 /* Main.storyboard in Resources */,
			);
			runOnlyForDeploymentPostprocessing = 0;
		};
/* End PBXResourcesBuildPhase section */

/* Begin PBXSourcesBuildPhase section */
		058F36BA2981A242006F9880 /* Sources */ = {
			isa = PBXSourcesBuildPhase;
			buildActionMask = 2147483647;
			files = (
				058F36C62981A242006F9880 /* ViewController.swift in Sources */,
				058F36C22981A242006F9880 /* AppDelegate.swift in Sources */,
				058F36DE2981A935006F9880 /* PanframeRoof.swift in Sources */,
				058F36C42981A242006F9880 /* SceneDelegate.swift in Sources */,
				058F36DC2981A7D3006F9880 /* MercedessDecorator.swift in Sources */,
				058F36E02981AA3B006F9880 /* AlloyWheels.swift in Sources */,
				058F36D82981A70A006F9880 /* MercedessCLA.swift in Sources */,
				058F36D62981A5FC006F9880 /* MercedessProtocol.swift in Sources */,
			);
			runOnlyForDeploymentPostprocessing = 0;
		};
/* End PBXSourcesBuildPhase section */

/* Begin PBXVariantGroup section */
		058F36C72981A242006F9880 /* Main.storyboard */ = {
			isa = PBXVariantGroup;
			children = (
				058F36C82981A242006F9880 /* Base */,
			);
			name = Main.storyboard;
			sourceTree = "<group>";
		};
		058F36CC2981A243006F9880 /* LaunchScreen.storyboard */ = {
			isa = PBXVariantGroup;
			children = (
				058F36CD2981A243006F9880 /* Base */,
			);
			name = LaunchScreen.storyboard;
			sourceTree = "<group>";
		};
/* End PBXVariantGroup section */

/* Begin XCBuildConfiguration section */
		058F36D02981A243006F9880 /* Debug */ = {
			isa = XCBuildConfiguration;
			buildSettings = {
				ALWAYS_SEARCH_USER_PATHS = NO;
				CLANG_ANALYZER_NONNULL = YES;
				CLANG_ANALYZER_NUMBER_OBJECT_CONVERSION = YES_AGGRESSIVE;
				CLANG_CXX_LANGUAGE_STANDARD = "gnu++20";
				CLANG_ENABLE_MODULES = YES;
				CLANG_ENABLE_OBJC_ARC = YES;
				CLANG_ENABLE_OBJC_WEAK = YES;
				CLANG_WARN_BLOCK_CAPTURE_AUTORELEASING = YES;
				CLANG_WARN_BOOL_CONVERSION = YES;
				CLANG_WARN_COMMA = YES;
				CLANG_WARN_CONSTANT_CONVERSION = YES;
				CLANG_WARN_DEPRECATED_OBJC_IMPLEMENTATIONS = YES;
				CLANG_WARN_DIRECT_OBJC_ISA_USAGE = YES_ERROR;
				CLANG_WARN_DOCUMENTATION_COMMENTS = YES;
				CLANG_WARN_EMPTY_BODY = YES;
				CLANG_WARN_ENUM_CONVERSION = YES;
				CLANG_WARN_INFINITE_RECURSION = YES;
				CLANG_WARN_INT_CONVERSION = YES;
				CLANG_WARN_NON_LITERAL_NULL_CONVERSION = YES;
				CLANG_WARN_OBJC_IMPLICIT_RETAIN_SELF = YES;
				CLANG_WARN_OBJC_LITERAL_CONVERSION = YES;
				CLANG_WARN_OBJC_ROOT_CLASS = YES_ERROR;
				CLANG_WARN_QUOTED_INCLUDE_IN_FRAMEWORK_HEADER = YES;
				CLANG_WARN_RANGE_LOOP_ANALYSIS = YES;
				CLANG_WARN_STRICT_PROTOTYPES = YES;
				CLANG_WARN_SUSPICIOUS_MOVE = YES;
				CLANG_WARN_UNGUARDED_AVAILABILITY = YES_AGGRESSIVE;
				CLANG_WARN_UNREACHABLE_CODE = YES;
				CLANG_WARN__DUPLICATE_METHOD_MATCH = YES;
				COPY_PHASE_STRIP = NO;
				DEBUG_INFORMATION_FORMAT = dwarf;
				ENABLE_STRICT_OBJC_MSGSEND = YES;
				ENABLE_TESTABILITY = YES;
				GCC_C_LANGUAGE_STANDARD = gnu11;
				GCC_DYNAMIC_NO_PIC = NO;
				GCC_NO_COMMON_BLOCKS = YES;
				GCC_OPTIMIZATION_LEVEL = 0;
				GCC_PREPROCESSOR_DEFINITIONS = (
					"DEBUG=1",
					"$(inherited)",
				);
				GCC_WARN_64_TO_32_BIT_CONVERSION = YES;
				GCC_WARN_ABOUT_RETURN_TYPE = YES_ERROR;
				GCC_WARN_UNDECLARED_SELECTOR = YES;
				GCC_WARN_UNINITIALIZED_AUTOS = YES_AGGRESSIVE;
				GCC_WARN_UNUSED_FUNCTION = YES;
				GCC_WARN_UNUSED_VARIABLE = YES;
				IPHONEOS_DEPLOYMENT_TARGET = 16.2;
				MTL_ENABLE_DEBUG_INFO = INCLUDE_SOURCE;
				MTL_FAST_MATH = YES;
				ONLY_ACTIVE_ARCH = YES;
				SDKROOT = iphoneos;
				SWIFT_ACTIVE_COMPILATION_CONDITIONS = DEBUG;
				SWIFT_OPTIMIZATION_LEVEL = "-Onone";
			};
			name = Debug;
		};
		058F36D12981A243006F9880 /* Release */ = {
			isa = XCBuildConfiguration;
			buildSettings = {
				ALWAYS_SEARCH_USER_PATHS = NO;
				CLANG_ANALYZER_NONNULL = YES;
				CLANG_ANALYZER_NUMBER_OBJECT_CONVERSION = YES_AGGRESSIVE;
				CLANG_CXX_LANGUAGE_STANDARD = "gnu++20";
				CLANG_ENABLE_MODULES = YES;
				CLANG_ENABLE_OBJC_ARC = YES;
				CLANG_ENABLE_OBJC_WEAK = YES;
				CLANG_WARN_BLOCK_CAPTURE_AUTORELEASING = YES;
				CLANG_WARN_BOOL_CONVERSION = YES;
				CLANG_WARN_COMMA = YES;
				CLANG_WARN_CONSTANT_CONVERSION = YES;
				CLANG_WARN_DEPRECATED_OBJC_IMPLEMENTATIONS = YES;
				CLANG_WARN_DIRECT_OBJC_ISA_USAGE = YES_ERROR;
				CLANG_WARN_DOCUMENTATION_COMMENTS = YES;
				CLANG_WARN_EMPTY_BODY = YES;
				CLANG_WARN_ENUM_CONVERSION = YES;
				CLANG_WARN_INFINITE_RECURSION = YES;
				CLANG_WARN_INT_CONVERSION = YES;
				CLANG_WARN_NON_LITERAL_NULL_CONVERSION = YES;
				CLANG_WARN_OBJC_IMPLICIT_RETAIN_SELF = YES;
				CLANG_WARN_OBJC_LITERAL_CONVERSION = YES;
				CLANG_WARN_OBJC_ROOT_CLASS = YES_ERROR;
				CLANG_WARN_QUOTED_INCLUDE_IN_FRAMEWORK_HEADER = YES;
				CLANG_WARN_RANGE_LOOP_ANALYSIS = YES;
				CLANG_WARN_STRICT_PROTOTYPES = YES;
				CLANG_WARN_SUSPICIOUS_MOVE = YES;
				CLANG_WARN_UNGUARDED_AVAILABILITY = YES_AGGRESSIVE;
				CLANG_WARN_UNREACHABLE_CODE = YES;
				CLANG_WARN__DUPLICATE_METHOD_MATCH = YES;
				COPY_PHASE_STRIP = NO;
				DEBUG_INFORMATION_FORMAT = "dwarf-with-dsym";
				ENABLE_NS_ASSERTIONS = NO;
				ENABLE_STRICT_OBJC_MSGSEND = YES;
				GCC_C_LANGUAGE_STANDARD = gnu11;
				GCC_NO_COMMON_BLOCKS = YES;
				GCC_WARN_64_TO_32_BIT_CONVERSION = YES;
				GCC_WARN_ABOUT_RETURN_TYPE = YES_ERROR;
				GCC_WARN_UNDECLARED_SELECTOR = YES;
				GCC_WARN_UNINITIALIZED_AUTOS = YES_AGGRESSIVE;
				GCC_WARN_UNUSED_FUNCTION = YES;
				GCC_WARN_UNUSED_VARIABLE = YES;
				IPHONEOS_DEPLOYMENT_TARGET = 16.2;
				MTL_ENABLE_DEBUG_INFO = NO;
				MTL_FAST_MATH = YES;
				SDKROOT = iphoneos;
				SWIFT_COMPILATION_MODE = wholemodule;
				SWIFT_OPTIMIZATION_LEVEL = "-O";
				VALIDATE_PRODUCT = YES;
			};
			name = Release;
		};
		058F36D32981A243006F9880 /* Debug */ = {
			isa = XCBuildConfiguration;
			buildSettings = {
				ASSETCATALOG_COMPILER_APPICON_NAME = AppIcon;
				ASSETCATALOG_COMPILER_GLOBAL_ACCENT_COLOR_NAME = AccentColor;
				CODE_SIGN_STYLE = Automatic;
				CURRENT_PROJECT_VERSION = 1;
				DEVELOPMENT_TEAM = 94Y6332Y3J;
				GENERATE_INFOPLIST_FILE = YES;
				INFOPLIST_FILE = DecoratorApp/Info.plist;
				INFOPLIST_KEY_UIApplicationSupportsIndirectInputEvents = YES;
				INFOPLIST_KEY_UILaunchStoryboardName = LaunchScreen;
				INFOPLIST_KEY_UIMainStoryboardFile = Main;
				INFOPLIST_KEY_UISupportedInterfaceOrientations_iPad = "UIInterfaceOrientationPortrait UIInterfaceOrientationPortraitUpsideDown UIInterfaceOrientationLandscapeLeft UIInterfaceOrientationLandscapeRight";
				INFOPLIST_KEY_UISupportedInterfaceOrientations_iPhone = "UIInterfaceOrientationPortrait UIInterfaceOrientationLandscapeLeft UIInterfaceOrientationLandscapeRight";
				LD_RUNPATH_SEARCH_PATHS = (
					"$(inherited)",
					"@executable_path/Frameworks",
				);
				MARKETING_VERSION = 1.0;
				PRODUCT_BUNDLE_IDENTIFIER = com.itis.DecoratorApp;
				PRODUCT_NAME = "$(TARGET_NAME)";
				SWIFT_EMIT_LOC_STRINGS = YES;
				SWIFT_VERSION = 5.0;
				TARGETED_DEVICE_FAMILY = "1,2";
			};
			name = Debug;
		};
		058F36D42981A243006F9880 /* Release */ = {
			isa = XCBuildConfiguration;
			buildSettings = {
				ASSETCATALOG_COMPILER_APPICON_NAME = AppIcon;
				ASSETCATALOG_COMPILER_GLOBAL_ACCENT_COLOR_NAME = AccentColor;
				CODE_SIGN_STYLE = Automatic;
				CURRENT_PROJECT_VERSION = 1;
				DEVELOPMENT_TEAM = 94Y6332Y3J;
				GENERATE_INFOPLIST_FILE = YES;
				INFOPLIST_FILE = DecoratorApp/Info.plist;
				INFOPLIST_KEY_UIApplicationSupportsIndirectInputEvents = YES;
				INFOPLIST_KEY_UILaunchStoryboardName = LaunchScreen;
				INFOPLIST_KEY_UIMainStoryboardFile = Main;
				INFOPLIST_KEY_UISupportedInterfaceOrientations_iPad = "UIInterfaceOrientationPortrait UIInterfaceOrientationPortraitUpsideDown UIInterfaceOrientationLandscapeLeft UIInterfaceOrientationLandscapeRight";
				INFOPLIST_KEY_UISupportedInterfaceOrientations_iPhone = "UIInterfaceOrientationPortrait UIInterfaceOrientationLandscapeLeft UIInterfaceOrientationLandscapeRight";
				LD_RUNPATH_SEARCH_PATHS = (
					"$(inherited)",
					"@executable_path/Frameworks",
				);
				MARKETING_VERSION = 1.0;
				PRODUCT_BUNDLE_IDENTIFIER = com.itis.DecoratorApp;
				PRODUCT_NAME = "$(TARGET_NAME)";
				SWIFT_EMIT_LOC_STRINGS = YES;
				SWIFT_VERSION = 5.0;
				TARGETED_DEVICE_FAMILY = "1,2";
			};
			name = Release;
		};
/* End XCBuildConfiguration section */

/* Begin XCConfigurationList section */
		058F36B92981A242006F9880 /* Build configuration list for PBXProject "DecoratorApp" */ = {
			isa = XCConfigurationList;
			buildConfigurations = (
				058F36D02981A243006F9880 /* Debug */,
				058F36D12981A243006F9880 /* Release */,
			);
			defaultConfigurationIsVisible = 0;
			defaultConfigurationName = Release;
		};
		058F36D22981A243006F9880 /* Build configuration list for PBXNativeTarget "DecoratorApp" */ = {
			isa = XCConfigurationList;
			buildConfigurations = (
				058F36D32981A243006F9880 /* Debug */,
				058F36D42981A243006F9880 /* Release */,
			);
			defaultConfigurationIsVisible = 0;
			defaultConfigurationName = Release;
		};
/* End XCConfigurationList section */
	};
	rootObject = 058F36B62981A242006F9880 /* Project object */;
}
